{
  "version": 1,
  "dependencies": {
    ".NETCoreApp,Version=v5.0": {
      "Facepunch.Steamworks": {
        "type": "Direct",
        "requested": "[2.3.3, )",
        "resolved": "2.3.3",
        "contentHash": "7nUjWX/uy6JbDX7Q3n8ij7vrpWjTM0S8hXO24R3ZwQ0QgY0sXVlxzh3unmYoLvKGi31rzDHqGX68I169hnHNxQ=="
      },
      "SQLite": {
        "type": "Direct",
        "requested": "[3.13.0, )",
        "resolved": "3.13.0",
        "contentHash": "MJfRiz2p6aMVOxrxGMdVzhpzI0oxTgZSwC8eVuOpV8L7yYaFUu8q/OFYwv9P0/aZ/pdEu24O6gma6wZJMTun9A=="
      },
      "Ulid": {
        "type": "Direct",
        "requested": "[1.2.6, )",
        "resolved": "1.2.6",
        "contentHash": "TDfJ/q4nJJ7LTxHErWYXRFs7laAUJhnT7Do+fpxxNg+uQOC1GKWLFuyJMKyMyIxQhFjWNC5XcFbr7R6HP9PFgw=="
      }
    }
  }
}